
Microsoft Visual Studio Solution File, Format Version 12.00
# Visual Studio Version 17
VisualStudioVersion = 17.11.35208.52
MinimumVisualStudioVersion = 10.0.40219.1
Project("{FAE04EC0-301F-11D3-BF4B-00C04F79EFBC}") = "Task Tracker Net", "Task Tracker Net\Task Tracker Net.csproj", "{FAB22032-2241-44B5-927A-75B143682CD6}"
EndProject
Global
	GlobalSection(SolutionConfigurationPlatforms) = preSolution
		Debug|Any CPU = Debug|Any CPU
		Release|Any CPU = Release|Any CPU
	EndGlobalSection
	GlobalSection(ProjectConfigurationPlatforms) = postSolution
		{FAB22032-2241-44B5-927A-75B143682CD6}.Debug|Any CPU.ActiveCfg = Debug|Any CPU
		{FAB22032-2241-44B5-927A-75B143682CD6}.Debug|Any CPU.Build.0 = Debug|Any CPU
		{FAB22032-2241-44B5-927A-75B143682CD6}.Release|Any CPU.ActiveCfg = Release|Any CPU
		{FAB22032-2241-44B5-927A-75B143682CD6}.Release|Any CPU.Build.0 = Release|Any CPU
	EndGlobalSection
	GlobalSection(SolutionProperties) = preSolution
		HideSolutionNode = FALSE
	EndGlobalSection
	GlobalSection(ExtensibilityGlobals) = postSolution
		SolutionGuid = {ADFC4360-F9A2-4938-A993-C443BE871BF3}
	EndGlobalSection
EndGlobal
